
Microsoft Visual Studio Solution File, Format Version 12.00
# Visual Studio 14
VisualStudioVersion = 14.0.25420.1
MinimumVisualStudioVersion = 10.0.40219.1
Project("{FAE04EC0-301F-11D3-BF4B-00C04F79EFBC}") = "SaltedChefApi", "SaltedChefApi\SaltedChefApi.csproj", "{7E65A620-F011-495C-BA43-9BFB899C9C99}"
EndProject
Project("{FAE04EC0-301F-11D3-BF4B-00C04F79EFBC}") = "SaltedChefLibrary", "SaltedChefLibrary\SaltedChefLibrary.csproj", "{FE83481B-335D-41C8-8DFE-742446180F8A}"
EndProject
Global
	GlobalSection(SolutionConfigurationPlatforms) = preSolution
		Debug|Any CPU = Debug|Any CPU
		Release|Any CPU = Release|Any CPU
	EndGlobalSection
	GlobalSection(ProjectConfigurationPlatforms) = postSolution
		{7E65A620-F011-495C-BA43-9BFB899C9C99}.Debug|Any CPU.ActiveCfg = Debug|Any CPU
		{7E65A620-F011-495C-BA43-9BFB899C9C99}.Debug|Any CPU.Build.0 = Debug|Any CPU
		{7E65A620-F011-495C-BA43-9BFB899C9C99}.Release|Any CPU.ActiveCfg = Release|Any CPU
		{7E65A620-F011-495C-BA43-9BFB899C9C99}.Release|Any CPU.Build.0 = Release|Any CPU
		{FE83481B-335D-41C8-8DFE-742446180F8A}.Debug|Any CPU.ActiveCfg = Debug|Any CPU
		{FE83481B-335D-41C8-8DFE-742446180F8A}.Debug|Any CPU.Build.0 = Debug|Any CPU
		{FE83481B-335D-41C8-8DFE-742446180F8A}.Release|Any CPU.ActiveCfg = Release|Any CPU
		{FE83481B-335D-41C8-8DFE-742446180F8A}.Release|Any CPU.Build.0 = Release|Any CPU
	EndGlobalSection
	GlobalSection(SolutionProperties) = preSolution
		HideSolutionNode = FALSE
	EndGlobalSection
EndGlobal
